// !$*UTF8*$!
{
	archiveVersion = 1;
	classes = {
	};
	objectVersion = 56;
	objects = {

/* Begin PBXBuildFile section */
		3C50610A2BA3429000E3C747 /* CustomButtonView.swift in Sources */ = {isa = PBXBuildFile; fileRef = 3C5061092BA3429000E3C747 /* CustomButtonView.swift */; };
		3C50610C2BA3470F00E3C747 /* GradientButtonStyle.swift in Sources */ = {isa = PBXBuildFile; fileRef = 3C50610B2BA3470F00E3C747 /* GradientButtonStyle.swift */; };
		3C5FE4B12BBB4B9100FDDF02 /* CustomListRowView.swift in Sources */ = {isa = PBXBuildFile; fileRef = 3C5FE4B02BBB4B9100FDDF02 /* CustomListRowView.swift */; };
		3C9321972BBAF201008F0120 /* CustomCircleView.swift in Sources */ = {isa = PBXBuildFile; fileRef = 3C9321962BBAF201008F0120 /* CustomCircleView.swift */; };
		3C9321992BBAF336008F0120 /* MotionAnimationView.swift in Sources */ = {isa = PBXBuildFile; fileRef = 3C9321982BBAF336008F0120 /* MotionAnimationView.swift */; };
		3C93219C2BBAF8F8008F0120 /* SettingsView.swift in Sources */ = {isa = PBXBuildFile; fileRef = 3C93219B2BBAF8F8008F0120 /* SettingsView.swift */; };
		3CDD71982BA1DFE300A1E848 /* HikeApp.swift in Sources */ = {isa = PBXBuildFile; fileRef = 3CDD71972BA1DFE300A1E848 /* HikeApp.swift */; };
		3CDD719A2BA1DFE300A1E848 /* ContentView.swift in Sources */ = {isa = PBXBuildFile; fileRef = 3CDD71992BA1DFE300A1E848 /* ContentView.swift */; };
		3CDD719C2BA1DFE600A1E848 /* Assets.xcassets in Resources */ = {isa = PBXBuildFile; fileRef = 3CDD719B2BA1DFE600A1E848 /* Assets.xcassets */; };
		3CDD719F2BA1DFE600A1E848 /* Preview Assets.xcassets in Resources */ = {isa = PBXBuildFile; fileRef = 3CDD719E2BA1DFE600A1E848 /* Preview Assets.xcassets */; };
		3CDD71A92BA1E40900A1E848 /* CardView.swift in Sources */ = {isa = PBXBuildFile; fileRef = 3CDD71A82BA1E40900A1E848 /* CardView.swift */; };
		3CDD71AB2BA1E42D00A1E848 /* CustomBackgroundView.swift in Sources */ = {isa = PBXBuildFile; fileRef = 3CDD71AA2BA1E42D00A1E848 /* CustomBackgroundView.swift */; };
		3CDD71AE2BA1E60C00A1E848 /* ColorExtension.swift in Sources */ = {isa = PBXBuildFile; fileRef = 3CDD71AD2BA1E60C00A1E848 /* ColorExtension.swift */; };
/* End PBXBuildFile section */

/* Begin PBXFileReference section */
		3C5061092BA3429000E3C747 /* CustomButtonView.swift */ = {isa = PBXFileReference; lastKnownFileType = sourcecode.swift; path = CustomButtonView.swift; sourceTree = "<group>"; };
		3C50610B2BA3470F00E3C747 /* GradientButtonStyle.swift */ = {isa = PBXFileReference; lastKnownFileType = sourcecode.swift; path = GradientButtonStyle.swift; sourceTree = "<group>"; };
		3C5FE4B02BBB4B9100FDDF02 /* CustomListRowView.swift */ = {isa = PBXFileReference; lastKnownFileType = sourcecode.swift; path = CustomListRowView.swift; sourceTree = "<group>"; };
		3C9321962BBAF201008F0120 /* CustomCircleView.swift */ = {isa = PBXFileReference; lastKnownFileType = sourcecode.swift; path = CustomCircleView.swift; sourceTree = "<group>"; };
		3C9321982BBAF336008F0120 /* MotionAnimationView.swift */ = {isa = PBXFileReference; lastKnownFileType = sourcecode.swift; path = MotionAnimationView.swift; sourceTree = "<group>"; };
		3C93219B2BBAF8F8008F0120 /* SettingsView.swift */ = {isa = PBXFileReference; lastKnownFileType = sourcecode.swift; path = SettingsView.swift; sourceTree = "<group>"; };
		3CDD71942BA1DFE300A1E848 /* Hike App.app */ = {isa = PBXFileReference; explicitFileType = wrapper.application; includeInIndex = 0; path = "Hike App.app"; sourceTree = BUILT_PRODUCTS_DIR; };
		3CDD71972BA1DFE300A1E848 /* HikeApp.swift */ = {isa = PBXFileReference; lastKnownFileType = sourcecode.swift; path = HikeApp.swift; sourceTree = "<group>"; };
		3CDD71992BA1DFE300A1E848 /* ContentView.swift */ = {isa = PBXFileReference; lastKnownFileType = sourcecode.swift; path = ContentView.swift; sourceTree = "<group>"; };
		3CDD719B2BA1DFE600A1E848 /* Assets.xcassets */ = {isa = PBXFileReference; lastKnownFileType = folder.assetcatalog; path = Assets.xcassets; sourceTree = "<group>"; };
		3CDD719E2BA1DFE600A1E848 /* Preview Assets.xcassets */ = {isa = PBXFileReference; lastKnownFileType = folder.assetcatalog; path = "Preview Assets.xcassets"; sourceTree = "<group>"; };
		3CDD71A82BA1E40900A1E848 /* CardView.swift */ = {isa = PBXFileReference; lastKnownFileType = sourcecode.swift; path = CardView.swift; sourceTree = "<group>"; };
		3CDD71AA2BA1E42D00A1E848 /* CustomBackgroundView.swift */ = {isa = PBXFileReference; lastKnownFileType = sourcecode.swift; path = CustomBackgroundView.swift; sourceTree = "<group>"; };
		3CDD71AD2BA1E60C00A1E848 /* ColorExtension.swift */ = {isa = PBXFileReference; lastKnownFileType = sourcecode.swift; path = ColorExtension.swift; sourceTree = "<group>"; };
/* End PBXFileReference section */

/* Begin PBXFrameworksBuildPhase section */
		3CDD71912BA1DFE300A1E848 /* Frameworks */ = {
			isa = PBXFrameworksBuildPhase;
			buildActionMask = 2147483647;
			files = (
			);
			runOnlyForDeploymentPostprocessing = 0;
		};
/* End PBXFrameworksBuildPhase section */

/* Begin PBXGroup section */
		3C93219A2BBAF8DE008F0120 /* Screen */ = {
			isa = PBXGroup;
			children = (
				3CDD71992BA1DFE300A1E848 /* ContentView.swift */,
				3C93219B2BBAF8F8008F0120 /* SettingsView.swift */,
			);
			path = Screen;
			sourceTree = "<group>";
		};
		3CDD718B2BA1DFE300A1E848 = {
			isa = PBXGroup;
			children = (
				3CDD71962BA1DFE300A1E848 /* Hike App */,
				3CDD71952BA1DFE300A1E848 /* Products */,
			);
			sourceTree = "<group>";
		};
		3CDD71952BA1DFE300A1E848 /* Products */ = {
			isa = PBXGroup;
			children = (
				3CDD71942BA1DFE300A1E848 /* Hike App.app */,
			);
			name = Products;
			sourceTree = "<group>";
		};
		3CDD71962BA1DFE300A1E848 /* Hike App */ = {
			isa = PBXGroup;
			children = (
				3CDD71972BA1DFE300A1E848 /* HikeApp.swift */,
				3C93219A2BBAF8DE008F0120 /* Screen */,
				3CDD71A72BA1E37C00A1E848 /* Component */,
				3CDD71AC2BA1E5FC00A1E848 /* Utility */,
				3CDD719B2BA1DFE600A1E848 /* Assets.xcassets */,
				3CDD719D2BA1DFE600A1E848 /* Preview Content */,
			);
			path = "Hike App";
			sourceTree = "<group>";
		};
		3CDD719D2BA1DFE600A1E848 /* Preview Content */ = {
			isa = PBXGroup;
			children = (
				3CDD719E2BA1DFE600A1E848 /* Preview Assets.xcassets */,
			);
			path = "Preview Content";
			sourceTree = "<group>";
		};
		3CDD71A72BA1E37C00A1E848 /* Component */ = {
			isa = PBXGroup;
			children = (
				3CDD71A82BA1E40900A1E848 /* CardView.swift */,
				3CDD71AA2BA1E42D00A1E848 /* CustomBackgroundView.swift */,
				3C5061092BA3429000E3C747 /* CustomButtonView.swift */,
				3C9321962BBAF201008F0120 /* CustomCircleView.swift */,
				3C5FE4B02BBB4B9100FDDF02 /* CustomListRowView.swift */,
				3C9321982BBAF336008F0120 /* MotionAnimationView.swift */,
			);
			path = Component;
			sourceTree = "<group>";
		};
		3CDD71AC2BA1E5FC00A1E848 /* Utility */ = {
			isa = PBXGroup;
			children = (
				3CDD71AD2BA1E60C00A1E848 /* ColorExtension.swift */,
				3C50610B2BA3470F00E3C747 /* GradientButtonStyle.swift */,
			);
			path = Utility;
			sourceTree = "<group>";
		};
/* End PBXGroup section */

/* Begin PBXNativeTarget section */
		3CDD71932BA1DFE300A1E848 /* Hike App */ = {
			isa = PBXNativeTarget;
			buildConfigurationList = 3CDD71A22BA1DFE600A1E848 /* Build configuration list for PBXNativeTarget "Hike App" */;
			buildPhases = (
				3CDD71902BA1DFE300A1E848 /* Sources */,
				3CDD71912BA1DFE300A1E848 /* Frameworks */,
				3CDD71922BA1DFE300A1E848 /* Resources */,
			);
			buildRules = (
			);
			dependencies = (
			);
			name = "Hike App";
			productName = "Hike App";
			productReference = 3CDD71942BA1DFE300A1E848 /* Hike App.app */;
			productType = "com.apple.product-type.application";
		};
/* End PBXNativeTarget section */

/* Begin PBXProject section */
		3CDD718C2BA1DFE300A1E848 /* Project object */ = {
			isa = PBXProject;
			attributes = {
				BuildIndependentTargetsInParallel = 1;
				LastSwiftUpdateCheck = 1530;
				LastUpgradeCheck = 1530;
				TargetAttributes = {
					3CDD71932BA1DFE300A1E848 = {
						CreatedOnToolsVersion = 15.3;
					};
				};
			};
			buildConfigurationList = 3CDD718F2BA1DFE300A1E848 /* Build configuration list for PBXProject "Hike App" */;
			compatibilityVersion = "Xcode 14.0";
			developmentRegion = en;
			hasScannedForEncodings = 0;
			knownRegions = (
				en,
				Base,
			);
			mainGroup = 3CDD718B2BA1DFE300A1E848;
			productRefGroup = 3CDD71952BA1DFE300A1E848 /* Products */;
			projectDirPath = "";
			projectRoot = "";
			targets = (
				3CDD71932BA1DFE300A1E848 /* Hike App */,
			);
		};
/* End PBXProject section */

/* Begin PBXResourcesBuildPhase section */
		3CDD71922BA1DFE300A1E848 /* Resources */ = {
			isa = PBXResourcesBuildPhase;
			buildActionMask = 2147483647;
			files = (
				3CDD719F2BA1DFE600A1E848 /* Preview Assets.xcassets in Resources */,
				3CDD719C2BA1DFE600A1E848 /* Assets.xcassets in Resources */,
			);
			runOnlyForDeploymentPostprocessing = 0;
		};
/* End PBXResourcesBuildPhase section */

/* Begin PBXSourcesBuildPhase section */
		3CDD71902BA1DFE300A1E848 /* Sources */ = {
			isa = PBXSourcesBuildPhase;
			buildActionMask = 2147483647;
			files = (
				3CDD719A2BA1DFE300A1E848 /* ContentView.swift in Sources */,
				3C9321972BBAF201008F0120 /* CustomCircleView.swift in Sources */,
				3C5FE4B12BBB4B9100FDDF02 /* CustomListRowView.swift in Sources */,
				3CDD71A92BA1E40900A1E848 /* CardView.swift in Sources */,
				3CDD71982BA1DFE300A1E848 /* HikeApp.swift in Sources */,
				3C50610A2BA3429000E3C747 /* CustomButtonView.swift in Sources */,
				3C93219C2BBAF8F8008F0120 /* SettingsView.swift in Sources */,
				3C50610C2BA3470F00E3C747 /* GradientButtonStyle.swift in Sources */,
				3C9321992BBAF336008F0120 /* MotionAnimationView.swift in Sources */,
				3CDD71AB2BA1E42D00A1E848 /* CustomBackgroundView.swift in Sources */,
				3CDD71AE2BA1E60C00A1E848 /* ColorExtension.swift in Sources */,
			);
			runOnlyForDeploymentPostprocessing = 0;
		};
/* End PBXSourcesBuildPhase section */

/* Begin XCBuildConfiguration section */
		3CDD71A02BA1DFE600A1E848 /* Debug */ = {
			isa = XCBuildConfiguration;
			buildSettings = {
				ALWAYS_SEARCH_USER_PATHS = NO;
				ASSETCATALOG_COMPILER_GENERATE_SWIFT_ASSET_SYMBOL_EXTENSIONS = YES;
				CLANG_ANALYZER_NONNULL = YES;
				CLANG_ANALYZER_NUMBER_OBJECT_CONVERSION = YES_AGGRESSIVE;
				CLANG_CXX_LANGUAGE_STANDARD = "gnu++20";
				CLANG_ENABLE_MODULES = YES;
				CLANG_ENABLE_OBJC_ARC = YES;
				CLANG_ENABLE_OBJC_WEAK = YES;
				CLANG_WARN_BLOCK_CAPTURE_AUTORELEASING = YES;
				CLANG_WARN_BOOL_CONVERSION = YES;
				CLANG_WARN_COMMA = YES;
				CLANG_WARN_CONSTANT_CONVERSION = YES;
				CLANG_WARN_DEPRECATED_OBJC_IMPLEMENTATIONS = YES;
				CLANG_WARN_DIRECT_OBJC_ISA_USAGE = YES_ERROR;
				CLANG_WARN_DOCUMENTATION_COMMENTS = YES;
				CLANG_WARN_EMPTY_BODY = YES;
				CLANG_WARN_ENUM_CONVERSION = YES;
				CLANG_WARN_INFINITE_RECURSION = YES;
				CLANG_WARN_INT_CONVERSION = YES;
				CLANG_WARN_NON_LITERAL_NULL_CONVERSION = YES;
				CLANG_WARN_OBJC_IMPLICIT_RETAIN_SELF = YES;
				CLANG_WARN_OBJC_LITERAL_CONVERSION = YES;
				CLANG_WARN_OBJC_ROOT_CLASS = YES_ERROR;
				CLANG_WARN_QUOTED_INCLUDE_IN_FRAMEWORK_HEADER = YES;
				CLANG_WARN_RANGE_LOOP_ANALYSIS = YES;
				CLANG_WARN_STRICT_PROTOTYPES = YES;
				CLANG_WARN_SUSPICIOUS_MOVE = YES;
				CLANG_WARN_UNGUARDED_AVAILABILITY = YES_AGGRESSIVE;
				CLANG_WARN_UNREACHABLE_CODE = YES;
				CLANG_WARN__DUPLICATE_METHOD_MATCH = YES;
				COPY_PHASE_STRIP = NO;
				DEBUG_INFORMATION_FORMAT = dwarf;
				ENABLE_STRICT_OBJC_MSGSEND = YES;
				ENABLE_TESTABILITY = YES;
				ENABLE_USER_SCRIPT_SANDBOXING = YES;
				GCC_C_LANGUAGE_STANDARD = gnu17;
				GCC_DYNAMIC_NO_PIC = NO;
				GCC_NO_COMMON_BLOCKS = YES;
				GCC_OPTIMIZATION_LEVEL = 0;
				GCC_PREPROCESSOR_DEFINITIONS = (
					"DEBUG=1",
					"$(inherited)",
				);
				GCC_WARN_64_TO_32_BIT_CONVERSION = YES;
				GCC_WARN_ABOUT_RETURN_TYPE = YES_ERROR;
				GCC_WARN_UNDECLARED_SELECTOR = YES;
				GCC_WARN_UNINITIALIZED_AUTOS = YES_AGGRESSIVE;
				GCC_WARN_UNUSED_FUNCTION = YES;
				GCC_WARN_UNUSED_VARIABLE = YES;
				IPHONEOS_DEPLOYMENT_TARGET = 17.4;
				LOCALIZATION_PREFERS_STRING_CATALOGS = YES;
				MTL_ENABLE_DEBUG_INFO = INCLUDE_SOURCE;
				MTL_FAST_MATH = YES;
				ONLY_ACTIVE_ARCH = YES;
				SDKROOT = iphoneos;
				SWIFT_ACTIVE_COMPILATION_CONDITIONS = "DEBUG $(inherited)";
				SWIFT_OPTIMIZATION_LEVEL = "-Onone";
			};
			name = Debug;
		};
		3CDD71A12BA1DFE600A1E848 /* Release */ = {
			isa = XCBuildConfiguration;
			buildSettings = {
				ALWAYS_SEARCH_USER_PATHS = NO;
				ASSETCATALOG_COMPILER_GENERATE_SWIFT_ASSET_SYMBOL_EXTENSIONS = YES;
				CLANG_ANALYZER_NONNULL = YES;
				CLANG_ANALYZER_NUMBER_OBJECT_CONVERSION = YES_AGGRESSIVE;
				CLANG_CXX_LANGUAGE_STANDARD = "gnu++20";
				CLANG_ENABLE_MODULES = YES;
				CLANG_ENABLE_OBJC_ARC = YES;
				CLANG_ENABLE_OBJC_WEAK = YES;
				CLANG_WARN_BLOCK_CAPTURE_AUTORELEASING = YES;
				CLANG_WARN_BOOL_CONVERSION = YES;
				CLANG_WARN_COMMA = YES;
				CLANG_WARN_CONSTANT_CONVERSION = YES;
				CLANG_WARN_DEPRECATED_OBJC_IMPLEMENTATIONS = YES;
				CLANG_WARN_DIRECT_OBJC_ISA_USAGE = YES_ERROR;
				CLANG_WARN_DOCUMENTATION_COMMENTS = YES;
				CLANG_WARN_EMPTY_BODY = YES;
				CLANG_WARN_ENUM_CONVERSION = YES;
				CLANG_WARN_INFINITE_RECURSION = YES;
				CLANG_WARN_INT_CONVERSION = YES;
				CLANG_WARN_NON_LITERAL_NULL_CONVERSION = YES;
				CLANG_WARN_OBJC_IMPLICIT_RETAIN_SELF = YES;
				CLANG_WARN_OBJC_LITERAL_CONVERSION = YES;
				CLANG_WARN_OBJC_ROOT_CLASS = YES_ERROR;
				CLANG_WARN_QUOTED_INCLUDE_IN_FRAMEWORK_HEADER = YES;
				CLANG_WARN_RANGE_LOOP_ANALYSIS = YES;
				CLANG_WARN_STRICT_PROTOTYPES = YES;
				CLANG_WARN_SUSPICIOUS_MOVE = YES;
				CLANG_WARN_UNGUARDED_AVAILABILITY = YES_AGGRESSIVE;
				CLANG_WARN_UNREACHABLE_CODE = YES;
				CLANG_WARN__DUPLICATE_METHOD_MATCH = YES;
				COPY_PHASE_STRIP = NO;
				DEBUG_INFORMATION_FORMAT = "dwarf-with-dsym";
				ENABLE_NS_ASSERTIONS = NO;
				ENABLE_STRICT_OBJC_MSGSEND = YES;
				ENABLE_USER_SCRIPT_SANDBOXING = YES;
				GCC_C_LANGUAGE_STANDARD = gnu17;
				GCC_NO_COMMON_BLOCKS = YES;
				GCC_WARN_64_TO_32_BIT_CONVERSION = YES;
				GCC_WARN_ABOUT_RETURN_TYPE = YES_ERROR;
				GCC_WARN_UNDECLARED_SELECTOR = YES;
				GCC_WARN_UNINITIALIZED_AUTOS = YES_AGGRESSIVE;
				GCC_WARN_UNUSED_FUNCTION = YES;
				GCC_WARN_UNUSED_VARIABLE = YES;
				IPHONEOS_DEPLOYMENT_TARGET = 17.4;
				LOCALIZATION_PREFERS_STRING_CATALOGS = YES;
				MTL_ENABLE_DEBUG_INFO = NO;
				MTL_FAST_MATH = YES;
				SDKROOT = iphoneos;
				SWIFT_COMPILATION_MODE = wholemodule;
				VALIDATE_PRODUCT = YES;
			};
			name = Release;
		};
		3CDD71A32BA1DFE600A1E848 /* Debug */ = {
			isa = XCBuildConfiguration;
			buildSettings = {
				ASSETCATALOG_COMPILER_APPICON_NAME = AppIcon;
				ASSETCATALOG_COMPILER_GLOBAL_ACCENT_COLOR_NAME = AccentColor;
				ASSETCATALOG_COMPILER_INCLUDE_ALL_APPICON_ASSETS = YES;
				CODE_SIGN_STYLE = Automatic;
				CURRENT_PROJECT_VERSION = 1;
				DEVELOPMENT_ASSET_PATHS = "\"Hike App/Preview Content\"";
				DEVELOPMENT_TEAM = Y25NP8JU6C;
				ENABLE_PREVIEWS = YES;
				GENERATE_INFOPLIST_FILE = YES;
				INFOPLIST_KEY_UIApplicationSceneManifest_Generation = YES;
				INFOPLIST_KEY_UIApplicationSupportsIndirectInputEvents = YES;
				INFOPLIST_KEY_UILaunchScreen_Generation = YES;
				INFOPLIST_KEY_UISupportedInterfaceOrientations_iPad = "UIInterfaceOrientationPortrait UIInterfaceOrientationPortraitUpsideDown UIInterfaceOrientationLandscapeLeft UIInterfaceOrientationLandscapeRight";
				INFOPLIST_KEY_UISupportedInterfaceOrientations_iPhone = "UIInterfaceOrientationPortrait UIInterfaceOrientationLandscapeLeft UIInterfaceOrientationLandscapeRight";
				LD_RUNPATH_SEARCH_PATHS = (
					"$(inherited)",
					"@executable_path/Frameworks",
				);
				MARKETING_VERSION = 1.0;
				PRODUCT_BUNDLE_IDENTIFIER = "com.joellacerda.Hike-App";
				PRODUCT_NAME = "$(TARGET_NAME)";
				SWIFT_EMIT_LOC_STRINGS = YES;
				SWIFT_VERSION = 5.0;
				TARGETED_DEVICE_FAMILY = "1,2";
			};
			name = Debug;
		};
		3CDD71A42BA1DFE600A1E848 /* Release */ = {
			isa = XCBuildConfiguration;
			buildSettings = {
				ASSETCATALOG_COMPILER_APPICON_NAME = AppIcon;
				ASSETCATALOG_COMPILER_GLOBAL_ACCENT_COLOR_NAME = AccentColor;
				ASSETCATALOG_COMPILER_INCLUDE_ALL_APPICON_ASSETS = YES;
				CODE_SIGN_STYLE = Automatic;
				CURRENT_PROJECT_VERSION = 1;
				DEVELOPMENT_ASSET_PATHS = "\"Hike App/Preview Content\"";
				DEVELOPMENT_TEAM = Y25NP8JU6C;
				ENABLE_PREVIEWS = YES;
				GENERATE_INFOPLIST_FILE = YES;
				INFOPLIST_KEY_UIApplicationSceneManifest_Generation = YES;
				INFOPLIST_KEY_UIApplicationSupportsIndirectInputEvents = YES;
				INFOPLIST_KEY_UILaunchScreen_Generation = YES;
				INFOPLIST_KEY_UISupportedInterfaceOrientations_iPad = "UIInterfaceOrientationPortrait UIInterfaceOrientationPortraitUpsideDown UIInterfaceOrientationLandscapeLeft UIInterfaceOrientationLandscapeRight";
				INFOPLIST_KEY_UISupportedInterfaceOrientations_iPhone = "UIInterfaceOrientationPortrait UIInterfaceOrientationLandscapeLeft UIInterfaceOrientationLandscapeRight";
				LD_RUNPATH_SEARCH_PATHS = (
					"$(inherited)",
					"@executable_path/Frameworks",
				);
				MARKETING_VERSION = 1.0;
				PRODUCT_BUNDLE_IDENTIFIER = "com.joellacerda.Hike-App";
				PRODUCT_NAME = "$(TARGET_NAME)";
				SWIFT_EMIT_LOC_STRINGS = YES;
				SWIFT_VERSION = 5.0;
				TARGETED_DEVICE_FAMILY = "1,2";
			};
			name = Release;
		};
/* End XCBuildConfiguration section */

/* Begin XCConfigurationList section */
		3CDD718F2BA1DFE300A1E848 /* Build configuration list for PBXProject "Hike App" */ = {
			isa = XCConfigurationList;
			buildConfigurations = (
				3CDD71A02BA1DFE600A1E848 /* Debug */,
				3CDD71A12BA1DFE600A1E848 /* Release */,
			);
			defaultConfigurationIsVisible = 0;
			defaultConfigurationName = Release;
		};
		3CDD71A22BA1DFE600A1E848 /* Build configuration list for PBXNativeTarget "Hike App" */ = {
			isa = XCConfigurationList;
			buildConfigurations = (
				3CDD71A32BA1DFE600A1E848 /* Debug */,
				3CDD71A42BA1DFE600A1E848 /* Release */,
			);
			defaultConfigurationIsVisible = 0;
			defaultConfigurationName = Release;
		};
/* End XCConfigurationList section */
	};
	rootObject = 3CDD718C2BA1DFE300A1E848 /* Project object */;
}
